{
  "name": "campingmanagement",
  "version": "1.0.0",
  "lockfileVersion": 1,
  "requires": true,
  "dependencies": {
    "react-native-exit-app": {
      "version": "1.0.0",
      "resolved": "https://registry.npmjs.org/react-native-exit-app/-/react-native-exit-app-1.0.0.tgz",
      "integrity": "sha512-2d8RlzfjA4fTJaXD3xObTt0hv+7i41bDyWDB9+zOI0zS1nGvY4mtENKhte8ceRih/3eZWQLpwkkHFP1Y8AG/5w=="
    }
  }
}
